
Microsoft Visual Studio Solution File, Format Version 12.00
# Visual Studio Version 17
VisualStudioVersion = 17.5.002.0
MinimumVisualStudioVersion = 10.0.40219.1
Project("{9A19103F-16F7-4668-BE54-9A1E7A4F7556}") = "api", "api\api.csproj", "{DFDFD7ED-8933-4AB5-BA84-4AEDC75678F6}"
EndProject
Global
	GlobalSection(SolutionConfigurationPlatforms) = preSolution
		Debug|Any CPU = Debug|Any CPU
		Release|Any CPU = Release|Any CPU
	EndGlobalSection
	GlobalSection(ProjectConfigurationPlatforms) = postSolution
		{DFDFD7ED-8933-4AB5-BA84-4AEDC75678F6}.Debug|Any CPU.ActiveCfg = Debug|Any CPU
		{DFDFD7ED-8933-4AB5-BA84-4AEDC75678F6}.Debug|Any CPU.Build.0 = Debug|Any CPU
		{DFDFD7ED-8933-4AB5-BA84-4AEDC75678F6}.Release|Any CPU.ActiveCfg = Release|Any CPU
		{DFDFD7ED-8933-4AB5-BA84-4AEDC75678F6}.Release|Any CPU.Build.0 = Release|Any CPU
	EndGlobalSection
	GlobalSection(SolutionProperties) = preSolution
		HideSolutionNode = FALSE
	EndGlobalSection
	GlobalSection(ExtensibilityGlobals) = postSolution
		SolutionGuid = {E95803CC-E5EA-4BFD-B5D4-BB3729C8B86A}
	EndGlobalSection
EndGlobal
